
Microsoft Visual Studio Solution File, Format Version 12.00
# Visual Studio Version 17
VisualStudioVersion = 17.14.36518.9 d17.14
MinimumVisualStudioVersion = 10.0.40219.1
Project("{8BC9CEB8-8B4A-11D0-8D11-00A0C91BC942}") = "Practical1", "Practical1.vcxproj", "{F484B58E-9455-4A6B-84BD-9A5D46784CB8}"
EndProject
Global
	GlobalSection(SolutionConfigurationPlatforms) = preSolution
		Debug|x64 = Debug|x64
		Debug|x86 = Debug|x86
		Pratical2|x64 = Pratical2|x64
		Pratical2|x86 = Pratical2|x86
		Release|x64 = Release|x64
		Release|x86 = Release|x86
	EndGlobalSection
	GlobalSection(ProjectConfigurationPlatforms) = postSolution
		{F484B58E-9455-4A6B-84BD-9A5D46784CB8}.Debug|x64.ActiveCfg = Debug|x64
		{F484B58E-9455-4A6B-84BD-9A5D46784CB8}.Debug|x64.Build.0 = Debug|x64
		{F484B58E-9455-4A6B-84BD-9A5D46784CB8}.Debug|x86.ActiveCfg = Debug|Win32
		{F484B58E-9455-4A6B-84BD-9A5D46784CB8}.Debug|x86.Build.0 = Debug|Win32
		{F484B58E-9455-4A6B-84BD-9A5D46784CB8}.Pratical2|x64.ActiveCfg = Pratical2|x64
		{F484B58E-9455-4A6B-84BD-9A5D46784CB8}.Pratical2|x64.Build.0 = Pratical2|x64
		{F484B58E-9455-4A6B-84BD-9A5D46784CB8}.Pratical2|x86.ActiveCfg = Debug|Win32
		{F484B58E-9455-4A6B-84BD-9A5D46784CB8}.Pratical2|x86.Build.0 = Debug|Win32
		{F484B58E-9455-4A6B-84BD-9A5D46784CB8}.Release|x64.ActiveCfg = Release|x64
		{F484B58E-9455-4A6B-84BD-9A5D46784CB8}.Release|x64.Build.0 = Release|x64
		{F484B58E-9455-4A6B-84BD-9A5D46784CB8}.Release|x86.ActiveCfg = Release|Win32
		{F484B58E-9455-4A6B-84BD-9A5D46784CB8}.Release|x86.Build.0 = Release|Win32
	EndGlobalSection
	GlobalSection(SolutionProperties) = preSolution
		HideSolutionNode = FALSE
	EndGlobalSection
	GlobalSection(ExtensibilityGlobals) = postSolution
		SolutionGuid = {2BDF6398-7BA5-4E64-9619-8EF50C772490}
	EndGlobalSection
EndGlobal
